
Microsoft Visual Studio Solution File, Format Version 12.00
# Visual Studio Version 17
VisualStudioVersion = 17.14.36301.6
MinimumVisualStudioVersion = 10.0.40219.1
Project("{00D1A9C2-B5F0-4AF3-8072-F6C62B433612}") = "DW_Semana2", "DW_Semana2\DW_Semana2.sqlproj", "{19FF9CC5-9213-4F3B-A0A4-43D69ABFBE01}"
EndProject
Global
	GlobalSection(SolutionConfigurationPlatforms) = preSolution
		Debug|Any CPU = Debug|Any CPU
		Release|Any CPU = Release|Any CPU
	EndGlobalSection
	GlobalSection(ProjectConfigurationPlatforms) = postSolution
		{19FF9CC5-9213-4F3B-A0A4-43D69ABFBE01}.Debug|Any CPU.ActiveCfg = Debug|Any CPU
		{19FF9CC5-9213-4F3B-A0A4-43D69ABFBE01}.Debug|Any CPU.Build.0 = Debug|Any CPU
		{19FF9CC5-9213-4F3B-A0A4-43D69ABFBE01}.Debug|Any CPU.Deploy.0 = Debug|Any CPU
		{19FF9CC5-9213-4F3B-A0A4-43D69ABFBE01}.Release|Any CPU.ActiveCfg = Release|Any CPU
		{19FF9CC5-9213-4F3B-A0A4-43D69ABFBE01}.Release|Any CPU.Build.0 = Release|Any CPU
		{19FF9CC5-9213-4F3B-A0A4-43D69ABFBE01}.Release|Any CPU.Deploy.0 = Release|Any CPU
	EndGlobalSection
	GlobalSection(SolutionProperties) = preSolution
		HideSolutionNode = FALSE
	EndGlobalSection
	GlobalSection(ExtensibilityGlobals) = postSolution
		SolutionGuid = {62753AF3-FD8A-4E35-8A78-38AF7B328541}
	EndGlobalSection
EndGlobal
